// !$*UTF8*$!
{
	archiveVersion = 1;
	classes = {
	};
	objectVersion = 46;
	objects = {

/* Begin PBXBuildFile section */
		ED189D521DAABC9900FF1184 /* Jeremy1dellViewController.swift in Sources */ = {isa = PBXBuildFile; fileRef = ED189D511DAABC9900FF1184 /* Jeremy1dellViewController.swift */; };
		EDED7BDA1DAAB5A30025784F /* AppDelegate.swift in Sources */ = {isa = PBXBuildFile; fileRef = EDED7BD91DAAB5A30025784F /* AppDelegate.swift */; };
		EDED7BDC1DAAB5A30025784F /* ViewController.swift in Sources */ = {isa = PBXBuildFile; fileRef = EDED7BDB1DAAB5A30025784F /* ViewController.swift */; };
		EDED7BDF1DAAB5A30025784F /* Main.storyboard in Resources */ = {isa = PBXBuildFile; fileRef = EDED7BDD1DAAB5A30025784F /* Main.storyboard */; };
		EDED7BE11DAAB5A30025784F /* Assets.xcassets in Resources */ = {isa = PBXBuildFile; fileRef = EDED7BE01DAAB5A30025784F /* Assets.xcassets */; };
		EDED7BE41DAAB5A30025784F /* LaunchScreen.storyboard in Resources */ = {isa = PBXBuildFile; fileRef = EDED7BE21DAAB5A30025784F /* LaunchScreen.storyboard */; };
/* End PBXBuildFile section */

/* Begin PBXFileReference section */
		ED189D511DAABC9900FF1184 /* Jeremy1dellViewController.swift */ = {isa = PBXFileReference; fileEncoding = 4; lastKnownFileType = sourcecode.swift; path = Jeremy1dellViewController.swift; sourceTree = "<group>"; };
		EDED7BD61DAAB5A30025784F /* quotes.app */ = {isa = PBXFileReference; explicitFileType = wrapper.application; includeInIndex = 0; path = quotes.app; sourceTree = BUILT_PRODUCTS_DIR; };
		EDED7BD91DAAB5A30025784F /* AppDelegate.swift */ = {isa = PBXFileReference; lastKnownFileType = sourcecode.swift; path = AppDelegate.swift; sourceTree = "<group>"; };
		EDED7BDB1DAAB5A30025784F /* ViewController.swift */ = {isa = PBXFileReference; lastKnownFileType = sourcecode.swift; path = ViewController.swift; sourceTree = "<group>"; };
		EDED7BDE1DAAB5A30025784F /* Base */ = {isa = PBXFileReference; lastKnownFileType = file.storyboard; name = Base; path = Base.lproj/Main.storyboard; sourceTree = "<group>"; };
		EDED7BE01DAAB5A30025784F /* Assets.xcassets */ = {isa = PBXFileReference; lastKnownFileType = folder.assetcatalog; path = Assets.xcassets; sourceTree = "<group>"; };
		EDED7BE31DAAB5A30025784F /* Base */ = {isa = PBXFileReference; lastKnownFileType = file.storyboard; name = Base; path = Base.lproj/LaunchScreen.storyboard; sourceTree = "<group>"; };
		EDED7BE51DAAB5A30025784F /* Info.plist */ = {isa = PBXFileReference; lastKnownFileType = text.plist.xml; path = Info.plist; sourceTree = "<group>"; };
/* End PBXFileReference section */

/* Begin PBXFrameworksBuildPhase section */
		EDED7BD31DAAB5A30025784F /* Frameworks */ = {
			isa = PBXFrameworksBuildPhase;
			buildActionMask = 2147483647;
			files = (
			);
			runOnlyForDeploymentPostprocessing = 0;
		};
/* End PBXFrameworksBuildPhase section */

/* Begin PBXGroup section */
		EDED7BCD1DAAB5A30025784F = {
			isa = PBXGroup;
			children = (
				EDED7BD81DAAB5A30025784F /* quotes */,
				EDED7BD71DAAB5A30025784F /* Products */,
			);
			sourceTree = "<group>";
		};
		EDED7BD71DAAB5A30025784F /* Products */ = {
			isa = PBXGroup;
			children = (
				EDED7BD61DAAB5A30025784F /* quotes.app */,
			);
			name = Products;
			sourceTree = "<group>";
		};
		EDED7BD81DAAB5A30025784F /* quotes */ = {
			isa = PBXGroup;
			children = (
				EDED7BD91DAAB5A30025784F /* AppDelegate.swift */,
				EDED7BDB1DAAB5A30025784F /* ViewController.swift */,
				ED189D511DAABC9900FF1184 /* Jeremy1dellViewController.swift */,
				EDED7BDD1DAAB5A30025784F /* Main.storyboard */,
				EDED7BE01DAAB5A30025784F /* Assets.xcassets */,
				EDED7BE21DAAB5A30025784F /* LaunchScreen.storyboard */,
				EDED7BE51DAAB5A30025784F /* Info.plist */,
			);
			path = quotes;
			sourceTree = "<group>";
		};
/* End PBXGroup section */

/* Begin PBXNativeTarget section */
		EDED7BD51DAAB5A30025784F /* quotes */ = {
			isa = PBXNativeTarget;
			buildConfigurationList = EDED7BE81DAAB5A30025784F /* Build configuration list for PBXNativeTarget "quotes" */;
			buildPhases = (
				EDED7BD21DAAB5A30025784F /* Sources */,
				EDED7BD31DAAB5A30025784F /* Frameworks */,
				EDED7BD41DAAB5A30025784F /* Resources */,
			);
			buildRules = (
			);
			dependencies = (
			);
			name = quotes;
			productName = quotes;
			productReference = EDED7BD61DAAB5A30025784F /* quotes.app */;
			productType = "com.apple.product-type.application";
		};
/* End PBXNativeTarget section */

/* Begin PBXProject section */
		EDED7BCE1DAAB5A30025784F /* Project object */ = {
			isa = PBXProject;
			attributes = {
				LastSwiftUpdateCheck = 0800;
				LastUpgradeCheck = 0800;
				ORGANIZATIONNAME = "Jeremy Odell";
				TargetAttributes = {
					EDED7BD51DAAB5A30025784F = {
						CreatedOnToolsVersion = 8.0;
						ProvisioningStyle = Automatic;
					};
				};
			};
			buildConfigurationList = EDED7BD11DAAB5A30025784F /* Build configuration list for PBXProject "quotes" */;
			compatibilityVersion = "Xcode 3.2";
			developmentRegion = English;
			hasScannedForEncodings = 0;
			knownRegions = (
				en,
				Base,
			);
			mainGroup = EDED7BCD1DAAB5A30025784F;
			productRefGroup = EDED7BD71DAAB5A30025784F /* Products */;
			projectDirPath = "";
			projectRoot = "";
			targets = (
				EDED7BD51DAAB5A30025784F /* quotes */,
			);
		};
/* End PBXProject section */

/* Begin PBXResourcesBuildPhase section */
		EDED7BD41DAAB5A30025784F /* Resources */ = {
			isa = PBXResourcesBuildPhase;
			buildActionMask = 2147483647;
			files = (
				EDED7BE41DAAB5A30025784F /* LaunchScreen.storyboard in Resources */,
				EDED7BE11DAAB5A30025784F /* Assets.xcassets in Resources */,
				EDED7BDF1DAAB5A30025784F /* Main.storyboard in Resources */,
			);
			runOnlyForDeploymentPostprocessing = 0;
		};
/* End PBXResourcesBuildPhase section */

/* Begin PBXSourcesBuildPhase section */
		EDED7BD21DAAB5A30025784F /* Sources */ = {
			isa = PBXSourcesBuildPhase;
			buildActionMask = 2147483647;
			files = (
				EDED7BDC1DAAB5A30025784F /* ViewController.swift in Sources */,
				ED189D521DAABC9900FF1184 /* Jeremy1dellViewController.swift in Sources */,
				EDED7BDA1DAAB5A30025784F /* AppDelegate.swift in Sources */,
			);
			runOnlyForDeploymentPostprocessing = 0;
		};
/* End PBXSourcesBuildPhase section */

/* Begin PBXVariantGroup section */
		EDED7BDD1DAAB5A30025784F /* Main.storyboard */ = {
			isa = PBXVariantGroup;
			children = (
				EDED7BDE1DAAB5A30025784F /* Base */,
			);
			name = Main.storyboard;
			sourceTree = "<group>";
		};
		EDED7BE21DAAB5A30025784F /* LaunchScreen.storyboard */ = {
			isa = PBXVariantGroup;
			children = (
				EDED7BE31DAAB5A30025784F /* Base */,
			);
			name = LaunchScreen.storyboard;
			sourceTree = "<group>";
		};
/* End PBXVariantGroup section */

/* Begin XCBuildConfiguration section */
		EDED7BE61DAAB5A30025784F /* Debug */ = {
			isa = XCBuildConfiguration;
			buildSettings = {
				ALWAYS_SEARCH_USER_PATHS = NO;
				CLANG_ANALYZER_NONNULL = YES;
				CLANG_CXX_LANGUAGE_STANDARD = "gnu++0x";
				CLANG_CXX_LIBRARY = "libc++";
				CLANG_ENABLE_MODULES = YES;
				CLANG_ENABLE_OBJC_ARC = YES;
				CLANG_WARN_BOOL_CONVERSION = YES;
				CLANG_WARN_CONSTANT_CONVERSION = YES;
				CLANG_WARN_DIRECT_OBJC_ISA_USAGE = YES_ERROR;
				CLANG_WARN_DOCUMENTATION_COMMENTS = YES;
				CLANG_WARN_EMPTY_BODY = YES;
				CLANG_WARN_ENUM_CONVERSION = YES;
				CLANG_WARN_INFINITE_RECURSION = YES;
				CLANG_WARN_INT_CONVERSION = YES;
				CLANG_WARN_OBJC_ROOT_CLASS = YES_ERROR;
				CLANG_WARN_SUSPICIOUS_MOVES = YES;
				CLANG_WARN_UNREACHABLE_CODE = YES;
				CLANG_WARN__DUPLICATE_METHOD_MATCH = YES;
				"CODE_SIGN_IDENTITY[sdk=iphoneos*]" = "iPhone Developer";
				COPY_PHASE_STRIP = NO;
				DEBUG_INFORMATION_FORMAT = dwarf;
				ENABLE_STRICT_OBJC_MSGSEND = YES;
				ENABLE_TESTABILITY = YES;
				GCC_C_LANGUAGE_STANDARD = gnu99;
				GCC_DYNAMIC_NO_PIC = NO;
				GCC_NO_COMMON_BLOCKS = YES;
				GCC_OPTIMIZATION_LEVEL = 0;
				GCC_PREPROCESSOR_DEFINITIONS = (
					"DEBUG=1",
					"$(inherited)",
				);
				GCC_WARN_64_TO_32_BIT_CONVERSION = YES;
				GCC_WARN_ABOUT_RETURN_TYPE = YES_ERROR;
				GCC_WARN_UNDECLARED_SELECTOR = YES;
				GCC_WARN_UNINITIALIZED_AUTOS = YES_AGGRESSIVE;
				GCC_WARN_UNUSED_FUNCTION = YES;
				GCC_WARN_UNUSED_VARIABLE = YES;
				IPHONEOS_DEPLOYMENT_TARGET = 10.0;
				MTL_ENABLE_DEBUG_INFO = YES;
				ONLY_ACTIVE_ARCH = YES;
				SDKROOT = iphoneos;
				SWIFT_ACTIVE_COMPILATION_CONDITIONS = DEBUG;
				SWIFT_OPTIMIZATION_LEVEL = "-Onone";
			};
			name = Debug;
		};
		EDED7BE71DAAB5A30025784F /* Release */ = {
			isa = XCBuildConfiguration;
			buildSettings = {
				ALWAYS_SEARCH_USER_PATHS = NO;
				CLANG_ANALYZER_NONNULL = YES;
				CLANG_CXX_LANGUAGE_STANDARD = "gnu++0x";
				CLANG_CXX_LIBRARY = "libc++";
				CLANG_ENABLE_MODULES = YES;
				CLANG_ENABLE_OBJC_ARC = YES;
				CLANG_WARN_BOOL_CONVERSION = YES;
				CLANG_WARN_CONSTANT_CONVERSION = YES;
				CLANG_WARN_DIRECT_OBJC_ISA_USAGE = YES_ERROR;
				CLANG_WARN_DOCUMENTATION_COMMENTS = YES;
				CLANG_WARN_EMPTY_BODY = YES;
				CLANG_WARN_ENUM_CONVERSION = YES;
				CLANG_WARN_INFINITE_RECURSION = YES;
				CLANG_WARN_INT_CONVERSION = YES;
				CLANG_WARN_OBJC_ROOT_CLASS = YES_ERROR;
				CLANG_WARN_SUSPICIOUS_MOVES = YES;
				CLANG_WARN_UNREACHABLE_CODE = YES;
				CLANG_WARN__DUPLICATE_METHOD_MATCH = YES;
				"CODE_SIGN_IDENTITY[sdk=iphoneos*]" = "iPhone Developer";
				COPY_PHASE_STRIP = NO;
				DEBUG_INFORMATION_FORMAT = "dwarf-with-dsym";
				ENABLE_NS_ASSERTIONS = NO;
				ENABLE_STRICT_OBJC_MSGSEND = YES;
				GCC_C_LANGUAGE_STANDARD = gnu99;
				GCC_NO_COMMON_BLOCKS = YES;
				GCC_WARN_64_TO_32_BIT_CONVERSION = YES;
				GCC_WARN_ABOUT_RETURN_TYPE = YES_ERROR;
				GCC_WARN_UNDECLARED_SELECTOR = YES;
				GCC_WARN_UNINITIALIZED_AUTOS = YES_AGGRESSIVE;
				GCC_WARN_UNUSED_FUNCTION = YES;
				GCC_WARN_UNUSED_VARIABLE = YES;
				IPHONEOS_DEPLOYMENT_TARGET = 10.0;
				MTL_ENABLE_DEBUG_INFO = NO;
				SDKROOT = iphoneos;
				SWIFT_OPTIMIZATION_LEVEL = "-Owholemodule";
				VALIDATE_PRODUCT = YES;
			};
			name = Release;
		};
		EDED7BE91DAAB5A30025784F /* Debug */ = {
			isa = XCBuildConfiguration;
			buildSettings = {
				ASSETCATALOG_COMPILER_APPICON_NAME = AppIcon;
				INFOPLIST_FILE = quotes/Info.plist;
				LD_RUNPATH_SEARCH_PATHS = "$(inherited) @executable_path/Frameworks";
				PRODUCT_BUNDLE_IDENTIFIER = Jeremy.quotes;
				PRODUCT_NAME = "$(TARGET_NAME)";
				SWIFT_VERSION = 3.0;
			};
			name = Debug;
		};
		EDED7BEA1DAAB5A30025784F /* Release */ = {
			isa = XCBuildConfiguration;
			buildSettings = {
				ASSETCATALOG_COMPILER_APPICON_NAME = AppIcon;
				INFOPLIST_FILE = quotes/Info.plist;
				LD_RUNPATH_SEARCH_PATHS = "$(inherited) @executable_path/Frameworks";
				PRODUCT_BUNDLE_IDENTIFIER = Jeremy.quotes;
				PRODUCT_NAME = "$(TARGET_NAME)";
				SWIFT_VERSION = 3.0;
			};
			name = Release;
		};
/* End XCBuildConfiguration section */

/* Begin XCConfigurationList section */
		EDED7BD11DAAB5A30025784F /* Build configuration list for PBXProject "quotes" */ = {
			isa = XCConfigurationList;
			buildConfigurations = (
				EDED7BE61DAAB5A30025784F /* Debug */,
				EDED7BE71DAAB5A30025784F /* Release */,
			);
			defaultConfigurationIsVisible = 0;
			defaultConfigurationName = Release;
		};
		EDED7BE81DAAB5A30025784F /* Build configuration list for PBXNativeTarget "quotes" */ = {
			isa = XCConfigurationList;
			buildConfigurations = (
				EDED7BE91DAAB5A30025784F /* Debug */,
				EDED7BEA1DAAB5A30025784F /* Release */,
			);
			defaultConfigurationIsVisible = 0;
			defaultConfigurationName = Release;
		};
/* End XCConfigurationList section */
	};
	rootObject = EDED7BCE1DAAB5A30025784F /* Project object */;
}
